github.com/dhowden/tag v0.0.0-20240417053706-3d75831295e8 h1:OtSeLS5y0Uy01jaKK4mA/WVIYtpzVm63vLVAPzJXigg=
github.com/dhowden/tag v0.0.0-20240417053706-3d75831295e8/go.mod h1:apkPC/CR3s48O2D7Y++n1XWEpgPNNCjXYga3PPbJe2E=
github.com/tetratelabs/wazero v1.9.0 h1:IcZ56OuxrtaEz8UYNRHBrUa9bYeX9oVY93KspZZBf/I=
github.com/tetratelabs/wazero v1.9.0/go.mod h1:TSbcXCfFP0L2FGkRPxHphadXPjo1T6W+CseNNY7EkjM=
go.senan.xyz/taglib v0.10.4 h1:71NSJ5sM9seeo8R6Qoc6TuT5QBLy/xwtp3LTY2cWynU=
go.senan.xyz/taglib v0.10.4/go.mod h1:UMXxjvVuML3bZ63elOoUFtY2ZjwH88KB+DKWfF50ln8=
